
Microsoft Visual Studio Solution File, Format Version 12.00
# Visual Studio Version 16
VisualStudioVersion = 16.0.31313.79
MinimumVisualStudioVersion = 10.0.40219.1
Project("{FAE04EC0-301F-11D3-BF4B-00C04F79EFBC}") = "MouseTest", "MouseTest\MouseTest.csproj", "{235DC119-9B2A-4737-B51F-8B0BF9B43701}"
EndProject
Global
	GlobalSection(SolutionConfigurationPlatforms) = preSolution
		Debug|Any CPU = Debug|Any CPU
		Release|Any CPU = Release|Any CPU
	EndGlobalSection
	GlobalSection(ProjectConfigurationPlatforms) = postSolution
		{235DC119-9B2A-4737-B51F-8B0BF9B43701}.Debug|Any CPU.ActiveCfg = Debug|Any CPU
		{235DC119-9B2A-4737-B51F-8B0BF9B43701}.Debug|Any CPU.Build.0 = Debug|Any CPU
		{235DC119-9B2A-4737-B51F-8B0BF9B43701}.Release|Any CPU.ActiveCfg = Release|Any CPU
		{235DC119-9B2A-4737-B51F-8B0BF9B43701}.Release|Any CPU.Build.0 = Release|Any CPU
	EndGlobalSection
	GlobalSection(SolutionProperties) = preSolution
		HideSolutionNode = FALSE
	EndGlobalSection
	GlobalSection(ExtensibilityGlobals) = postSolution
		SolutionGuid = {45DD3E16-0D85-4623-9FA0-0F7904A10471}
	EndGlobalSection
EndGlobal
